github.com/venraij/go-chocolatey v1.0.6 h1:gRAfDoDTLeLlwPQp20nOzRqKcn08nxkNUM07bHYH3P4=
github.com/venraij/go-chocolatey v1.0.6/go.mod h1:Ji5iUSVkeVeqnugxbh6ZwiHlHj2RX8vD1YmRP1yNm9Q=
golang.org/x/sys v0.0.0-20211216021012-1d35b9e2eb4e h1:fLOSk5Q00efkSvAm+4xcoXD+RRmLmmulPn5I3Y9F2EM=
golang.org/x/sys v0.0.0-20211216021012-1d35b9e2eb4e/go.mod h1:oPkhp1MJrh7nUepCBck5+mAzfO9JrbApNNgaTdGDITg=
